
Microsoft Visual Studio Solution File, Format Version 10.00
# Visual Studio 2008
Project("{8BC9CEB8-8B4A-11D0-8D11-00A0C91BC942}") = "tcpclient", "tcpclient.vcproj", "{07B10A04-3423-4E8A-9977-0AD97A9BC15F}"
EndProject
Global
	GlobalSection(SolutionConfigurationPlatforms) = preSolution
		Debug|Win32 = Debug|Win32
		Release|Win32 = Release|Win32
	EndGlobalSection
	GlobalSection(ProjectConfigurationPlatforms) = postSolution
		{07B10A04-3423-4E8A-9977-0AD97A9BC15F}.Debug|Win32.ActiveCfg = Debug|Win32
		{07B10A04-3423-4E8A-9977-0AD97A9BC15F}.Debug|Win32.Build.0 = Debug|Win32
		{07B10A04-3423-4E8A-9977-0AD97A9BC15F}.Release|Win32.ActiveCfg = Release|Win32
		{07B10A04-3423-4E8A-9977-0AD97A9BC15F}.Release|Win32.Build.0 = Release|Win32
	EndGlobalSection
	GlobalSection(SolutionProperties) = preSolution
		HideSolutionNode = FALSE
	EndGlobalSection
EndGlobal
